{
  "nodes": {
    "cargo-generate": {
      "flake": false,
      "locked": {
        "lastModified": 1674210576,
        "narHash": "sha256-qR0iYQwAIBSWFjet7CxyEHliE5q5wrtfAu//PQ5H5AM=",
        "owner": "cargo-generate",
        "repo": "cargo-generate",
        "rev": "a339266e9ed1ff5b4f26d898c838215118907229",
        "type": "github"
      },
      "original": {
        "owner": "cargo-generate",
        "repo": "cargo-generate",
        "type": "github"
      }
    },
    "crane": {
      "flake": false,
      "locked": {
        "lastModified": 1670900067,
        "narHash": "sha256-VXVa+KBfukhmWizaiGiHRVX/fuk66P8dgSFfkVN4/MY=",
        "owner": "ipetkov",
        "repo": "crane",
        "rev": "59b31b41a589c0a65e4a1f86b0e5eac68081468b",
        "type": "github"
      },
      "original": {
        "owner": "ipetkov",
        "repo": "crane",
        "type": "github"
      }
    },
    "devshell": {
      "flake": false,
      "locked": {
        "lastModified": 1676293499,
        "narHash": "sha256-uIOTlTxvrXxpKeTvwBI1JGDGtCxMXE3BI0LFwoQMhiQ=",
        "owner": "numtide",
        "repo": "devshell",
        "rev": "71e3022e3ab20bbf1342640547ef5bc14fb43bf4",
        "type": "github"
      },
      "original": {
        "owner": "numtide",
        "repo": "devshell",
        "type": "github"
      }
    },
    "dream2nix": {
      "inputs": {
        "alejandra": [
          "nci"
        ],
        "all-cabal-json": [
          "nci"
        ],
        "crane": "crane",
        "devshell": [
          "nci",
          "devshell"
        ],
        "flake-parts": "flake-parts",
        "flake-utils-pre-commit": [
          "nci"
        ],
        "ghc-utils": [
          "nci"
        ],
        "gomod2nix": [
          "nci"
        ],
        "mach-nix": [
          "nci"
        ],
        "nix-pypi-fetcher": [
          "nci"
        ],
        "nixpkgs": [
          "nci",
          "nixpkgs"
        ],
        "poetry2nix": [
          "nci"
        ],
        "pre-commit-hooks": [
          "nci"
        ],
        "pruned-racket-catalog": [
          "nci"
        ]
      },
      "locked": {
        "lastModified": 1676803770,
        "narHash": "sha256-YDDpyZUFRvf3oDqCAc+ixr31AaauaEnWJ4yNZVaxv8E=",
        "owner": "nix-community",
        "repo": "dream2nix",
        "rev": "34224b95bfc041533b619549fdc5b669017160cf",
        "type": "github"
      },
      "original": {
        "owner": "nix-community",
        "repo": "dream2nix",
        "type": "github"
      }
    },
    "flake-parts": {
      "inputs": {
        "nixpkgs-lib": [
          "nci",
          "dream2nix",
          "nixpkgs"
        ]
      },
      "locked": {
        "lastModified": 1675933616,
        "narHash": "sha256-/rczJkJHtx16IFxMmAWu5nNYcSXNg1YYXTHoGjLrLUA=",
        "owner": "hercules-ci",
        "repo": "flake-parts",
        "rev": "47478a4a003e745402acf63be7f9a092d51b83d7",
        "type": "github"
      },
      "original": {
        "owner": "hercules-ci",
        "repo": "flake-parts",
        "type": "github"
      }
    },
    "nci": {
      "inputs": {
        "devshell": "devshell",
        "dream2nix": "dream2nix",
        "nixpkgs": [
          "nixpkgs"
        ],
        "rust-overlay": "rust-overlay"
      },
      "locked": {
        "lastModified": 1676873574,
        "narHash": "sha256-RDoipRR1tV3ht4p2mgH5DqRodLqvsdPSdP3oahqDYGg=",
        "owner": "yusdacra",
        "repo": "nix-cargo-integration",
        "rev": "9d0957d602085d5093770e96c3b320e9bef87702",
        "type": "github"
      },
      "original": {
        "owner": "yusdacra",
        "repo": "nix-cargo-integration",
        "type": "github"
      }
    },
    "nixpkgs": {
      "locked": {
        "lastModified": 1676721149,
        "narHash": "sha256-mN2EpTGxxVNnFZLoLWRwh6f7UWhXy4qE+wO2CZyrXps=",
        "owner": "nixos",
        "repo": "nixpkgs",
        "rev": "5f4e07deb7c44f27d498f8df9c5f34750acf52d2",
        "type": "github"
      },
      "original": {
        "owner": "nixos",
        "ref": "nixos-unstable",
        "repo": "nixpkgs",
        "type": "github"
      }
    },
    "root": {
      "inputs": {
        "cargo-generate": "cargo-generate",
        "nci": "nci",
        "nixpkgs": "nixpkgs"
      }
    },
    "rust-overlay": {
      "flake": false,
      "locked": {
        "lastModified": 1676860326,
        "narHash": "sha256-Rsvi4Zl6N7phhC7RMoh05gAHSwTzWG+c+iR+/X0RqWU=",
        "owner": "oxalica",
        "repo": "rust-overlay",
        "rev": "98f11700e398cf2ae6da905df56badc17e265021",
        "type": "github"
      },
      "original": {
        "owner": "oxalica",
        "repo": "rust-overlay",
        "type": "github"
      }
    }
  },
  "root": "root",
  "version": 7
}
